// !$*UTF8*$!
{
	archiveVersion = 1;
	classes = {
	};
	objectVersion = 50;
	objects = {

/* Begin PBXBuildFile section */
		661879D72473DA2500BB39FF /* RocketteService.cpp in Sources */ = {isa = PBXBuildFile; fileRef = 661879D52473DA2500BB39FF /* RocketteService.cpp */; };
		661879DA2474078500BB39FF /* Utils.cpp in Sources */ = {isa = PBXBuildFile; fileRef = 661879D82474078500BB39FF /* Utils.cpp */; };
		661879E124740C3200BB39FF /* glad.c in Sources */ = {isa = PBXBuildFile; fileRef = 661879E024740C3200BB39FF /* glad.c */; };
		66369D9D2302E7A000975025 /* main.cpp in Sources */ = {isa = PBXBuildFile; fileRef = 66369D9C2302E7A000975025 /* main.cpp */; };
		66369DA52302E7E200975025 /* Renderer.cpp in Sources */ = {isa = PBXBuildFile; fileRef = 66369DA32302E7E200975025 /* Renderer.cpp */; };
		66369DAF2302EACF00975025 /* ShaderProgram.cpp in Sources */ = {isa = PBXBuildFile; fileRef = 66369DAD2302EACF00975025 /* ShaderProgram.cpp */; };
		66369DBD2302F31000975025 /* Texture.cpp in Sources */ = {isa = PBXBuildFile; fileRef = 66369DBB2302F31000975025 /* Texture.cpp */; };
		6642E57E24794CD700B7FF5C /* icons.tga in CopyFiles */ = {isa = PBXBuildFile; fileRef = 6642E57D24794CD200B7FF5C /* icons.tga */; };
		6642E58124794F2400B7FF5C /* icons.json in CopyFiles */ = {isa = PBXBuildFile; fileRef = 6642E58024794F1A00B7FF5C /* icons.json */; };
		6642E5852479519800B7FF5C /* DashIcons.cpp in Sources */ = {isa = PBXBuildFile; fileRef = 6642E5832479519800B7FF5C /* DashIcons.cpp */; };
		6642E5882479543300B7FF5C /* Icon.cpp in Sources */ = {isa = PBXBuildFile; fileRef = 6642E5862479543300B7FF5C /* Icon.cpp */; };
		6642E58A247961B600B7FF5C /* uvmap.tga in CopyFiles */ = {isa = PBXBuildFile; fileRef = 6642E589247961B000B7FF5C /* uvmap.tga */; };
		6642E58E24796F3400B7FF5C /* HBlurVertexShader.glsl in CopyFiles */ = {isa = PBXBuildFile; fileRef = 6642E58B24796CA200B7FF5C /* HBlurVertexShader.glsl */; };
		6642E58F24796F3400B7FF5C /* VBlurVertexShader.glsl in CopyFiles */ = {isa = PBXBuildFile; fileRef = 6642E58C24796CC000B7FF5C /* VBlurVertexShader.glsl */; };
		6642E59024796F3400B7FF5C /* BlurFragmentShader.glsl in CopyFiles */ = {isa = PBXBuildFile; fileRef = 6642E58D24796CDB00B7FF5C /* BlurFragmentShader.glsl */; };
		6659848123044A47002D326C /* FontWrapper.cpp in Sources */ = {isa = PBXBuildFile; fileRef = 6659847F23044A47002D326C /* FontWrapper.cpp */; };
		6659848923057103002D326C /* MainScene.cpp in Sources */ = {isa = PBXBuildFile; fileRef = 6659848723057103002D326C /* MainScene.cpp */; };
		665A528F245D91BB00AC6765 /* Splash.cpp in Sources */ = {isa = PBXBuildFile; fileRef = 665A528D245D91BB00AC6765 /* Splash.cpp */; };
		665A5292245D932B00AC6765 /* Scene.cpp in Sources */ = {isa = PBXBuildFile; fileRef = 665A5290245D932B00AC6765 /* Scene.cpp */; };
		665A5298245DA2C500AC6765 /* Animation.cpp in Sources */ = {isa = PBXBuildFile; fileRef = 665A5296245DA2C500AC6765 /* Animation.cpp */; };
		6663160D247553AD00665646 /* rkt.pb.cc in Sources */ = {isa = PBXBuildFile; fileRef = 6663160B247553AD00665646 /* rkt.pb.cc */; };
		6663160E247553AD00665646 /* rkt.grpc.pb.cc in Sources */ = {isa = PBXBuildFile; fileRef = 6663160C247553AD00665646 /* rkt.grpc.pb.cc */; };
		666316102476C5E800665646 /* TextureVertexShader.glsl in CopyFiles */ = {isa = PBXBuildFile; fileRef = 6663160F2476C5E100665646 /* TextureVertexShader.glsl */; };
		666316152476C74100665646 /* DissolveFragment.glsl in CopyFiles */ = {isa = PBXBuildFile; fileRef = 666316132476C73E00665646 /* DissolveFragment.glsl */; };
		666316162476C74300665646 /* DissolveVertex.glsl in CopyFiles */ = {isa = PBXBuildFile; fileRef = 666316142476C73E00665646 /* DissolveVertex.glsl */; };
		6663162C2476CA7700665646 /* Roboto-Regular.ttf in CopyFiles */ = {isa = PBXBuildFile; fileRef = 6663161E2476CA6C00665646 /* Roboto-Regular.ttf */; };
		666316312476CF5000665646 /* rocket.tga in CopyFiles */ = {isa = PBXBuildFile; fileRef = 666316302476CF4300665646 /* rocket.tga */; };
		6671FCB323786B13005BA4E4 /* libgrpc.dylib in Frameworks */ = {isa = PBXBuildFile; fileRef = 6671FCB223786B13005BA4E4 /* libgrpc.dylib */; };
		6671FCB523786B2A005BA4E4 /* libgrpc++.dylib in Frameworks */ = {isa = PBXBuildFile; fileRef = 6671FCB423786B2A005BA4E4 /* libgrpc++.dylib */; };
		6671FCB723786B49005BA4E4 /* libprotobuf.dylib in Frameworks */ = {isa = PBXBuildFile; fileRef = 6671FCB623786B49005BA4E4 /* libprotobuf.dylib */; };
		6674FA49246452D600E4B6CC /* TextureFragmentShader.glsl in CopyFiles */ = {isa = PBXBuildFile; fileRef = 66369DB32302EE8600975025 /* TextureFragmentShader.glsl */; };
		6674FA4B246452D600E4B6CC /* TextFragment.glsl in CopyFiles */ = {isa = PBXBuildFile; fileRef = 6659847A23044894002D326C /* TextFragment.glsl */; };
		6674FA4C246452D600E4B6CC /* TextVertex.glsl in CopyFiles */ = {isa = PBXBuildFile; fileRef = 6659847923044886002D326C /* TextVertex.glsl */; };
		6674FA4F2464532B00E4B6CC /* dissolve-ramp.tga in CopyFiles */ = {isa = PBXBuildFile; fileRef = 665A5283245D78C000AC6765 /* dissolve-ramp.tga */; };
		6674FA502464532B00E4B6CC /* noise.tga in CopyFiles */ = {isa = PBXBuildFile; fileRef = 665A5287245D7C2200AC6765 /* noise.tga */; };
		66B17154246D76EF00A037C8 /* libSDL2.dylib in Frameworks */ = {isa = PBXBuildFile; fileRef = 66B17153246D76EF00A037C8 /* libSDL2.dylib */; };
		66B80579230AB16B001FC4A7 /* libEGL.dylib in Copy Files */ = {isa = PBXBuildFile; fileRef = 66B80573230AB035001FC4A7 /* libEGL.dylib */; };
		66B8057A230AB17D001FC4A7 /* libGLESv2.dylib in Copy Files */ = {isa = PBXBuildFile; fileRef = 66B80575230AB110001FC4A7 /* libGLESv2.dylib */; };
		66B8057B230AC010001FC4A7 /* libEGL.dylib in Frameworks */ = {isa = PBXBuildFile; fileRef = 66B80573230AB035001FC4A7 /* libEGL.dylib */; };
		66B8057C230AC014001FC4A7 /* libGLESv2.dylib in Frameworks */ = {isa = PBXBuildFile; fileRef = 66B80575230AB110001FC4A7 /* libGLESv2.dylib */; };
		66B8057E230AC04A001FC4A7 /* libfreetype.dylib in Frameworks */ = {isa = PBXBuildFile; fileRef = 6659847B23044960002D326C /* libfreetype.dylib */; };
/* End PBXBuildFile section */

/* Begin PBXCopyFilesBuildPhase section */
		66369D972302E7A000975025 /* Copy Files */ = {
			isa = PBXCopyFilesBuildPhase;
			buildActionMask = 12;
			dstPath = "";
			dstSubfolderSpec = 16;
			files = (
				66B8057A230AB17D001FC4A7 /* libGLESv2.dylib in Copy Files */,
				66B80579230AB16B001FC4A7 /* libEGL.dylib in Copy Files */,
			);
			name = "Copy Files";
			runOnlyForDeploymentPostprocessing = 0;
		};
		6674FA3E246452AF00E4B6CC /* CopyFiles */ = {
			isa = PBXCopyFilesBuildPhase;
			buildActionMask = 2147483647;
			dstPath = rkt/etc/shaders;
			dstSubfolderSpec = 16;
			files = (
				6642E58E24796F3400B7FF5C /* HBlurVertexShader.glsl in CopyFiles */,
				6642E58F24796F3400B7FF5C /* VBlurVertexShader.glsl in CopyFiles */,
				6642E59024796F3400B7FF5C /* BlurFragmentShader.glsl in CopyFiles */,
				666316152476C74100665646 /* DissolveFragment.glsl in CopyFiles */,
				666316162476C74300665646 /* DissolveVertex.glsl in CopyFiles */,
				666316102476C5E800665646 /* TextureVertexShader.glsl in CopyFiles */,
				6674FA49246452D600E4B6CC /* TextureFragmentShader.glsl in CopyFiles */,
				6674FA4B246452D600E4B6CC /* TextFragment.glsl in CopyFiles */,
				6674FA4C246452D600E4B6CC /* TextVertex.glsl in CopyFiles */,
			);
			runOnlyForDeploymentPostprocessing = 0;
		};
		6674FA4D2464531500E4B6CC /* CopyFiles */ = {
			isa = PBXCopyFilesBuildPhase;
			buildActionMask = 2147483647;
			dstPath = rkt/etc/textures;
			dstSubfolderSpec = 16;
			files = (
				666316312476CF5000665646 /* rocket.tga in CopyFiles */,
				6674FA4F2464532B00E4B6CC /* dissolve-ramp.tga in CopyFiles */,
				6674FA502464532B00E4B6CC /* noise.tga in CopyFiles */,
				6642E57E24794CD700B7FF5C /* icons.tga in CopyFiles */,
				6642E58A247961B600B7FF5C /* uvmap.tga in CopyFiles */,
				6642E58124794F2400B7FF5C /* icons.json in CopyFiles */,
			);
			runOnlyForDeploymentPostprocessing = 0;
		};
		6674FA5D2464549200E4B6CC /* CopyFiles */ = {
			isa = PBXCopyFilesBuildPhase;
			buildActionMask = 12;
			dstPath = rkt/etc/fonts;
			dstSubfolderSpec = 16;
			files = (
				6663162C2476CA7700665646 /* Roboto-Regular.ttf in CopyFiles */,
			);
			runOnlyForDeploymentPostprocessing = 0;
		};
/* End PBXCopyFilesBuildPhase section */

/* Begin PBXFileReference section */
		661879D52473DA2500BB39FF /* RocketteService.cpp */ = {isa = PBXFileReference; lastKnownFileType = sourcecode.cpp.cpp; path = RocketteService.cpp; sourceTree = "<group>"; };
		661879D62473DA2500BB39FF /* RocketteService.hpp */ = {isa = PBXFileReference; lastKnownFileType = sourcecode.cpp.h; path = RocketteService.hpp; sourceTree = "<group>"; };
		661879D82474078500BB39FF /* Utils.cpp */ = {isa = PBXFileReference; lastKnownFileType = sourcecode.cpp.cpp; path = Utils.cpp; sourceTree = "<group>"; };
		661879D92474078500BB39FF /* Utils.hpp */ = {isa = PBXFileReference; lastKnownFileType = sourcecode.cpp.h; path = Utils.hpp; sourceTree = "<group>"; };
		661879E024740C3200BB39FF /* glad.c */ = {isa = PBXFileReference; fileEncoding = 4; lastKnownFileType = sourcecode.c.c; name = glad.c; path = glad/src/glad.c; sourceTree = SOURCE_ROOT; };
		66369D992302E7A000975025 /* dash */ = {isa = PBXFileReference; explicitFileType = "compiled.mach-o.executable"; includeInIndex = 0; path = dash; sourceTree = BUILT_PRODUCTS_DIR; };
		66369D9C2302E7A000975025 /* main.cpp */ = {isa = PBXFileReference; lastKnownFileType = sourcecode.cpp.cpp; path = main.cpp; sourceTree = "<group>"; };
		66369DA32302E7E200975025 /* Renderer.cpp */ = {isa = PBXFileReference; lastKnownFileType = sourcecode.cpp.cpp; path = Renderer.cpp; sourceTree = "<group>"; };
		66369DA42302E7E200975025 /* Renderer.hpp */ = {isa = PBXFileReference; lastKnownFileType = sourcecode.cpp.h; path = Renderer.hpp; sourceTree = "<group>"; };
		66369DAD2302EACF00975025 /* ShaderProgram.cpp */ = {isa = PBXFileReference; lastKnownFileType = sourcecode.cpp.cpp; path = ShaderProgram.cpp; sourceTree = "<group>"; };
		66369DAE2302EACF00975025 /* ShaderProgram.hpp */ = {isa = PBXFileReference; lastKnownFileType = sourcecode.cpp.h; path = ShaderProgram.hpp; sourceTree = "<group>"; };
		66369DB32302EE8600975025 /* TextureFragmentShader.glsl */ = {isa = PBXFileReference; lastKnownFileType = text; path = TextureFragmentShader.glsl; sourceTree = "<group>"; };
		66369DBB2302F31000975025 /* Texture.cpp */ = {isa = PBXFileReference; lastKnownFileType = sourcecode.cpp.cpp; path = Texture.cpp; sourceTree = "<group>"; };
		66369DBC2302F31000975025 /* Texture.hpp */ = {isa = PBXFileReference; lastKnownFileType = sourcecode.cpp.h; path = Texture.hpp; sourceTree = "<group>"; };
		6642E57D24794CD200B7FF5C /* icons.tga */ = {isa = PBXFileReference; lastKnownFileType = file; path = icons.tga; sourceTree = "<group>"; };
		6642E57F24794EBF00B7FF5C /* rapidjson */ = {isa = PBXFileReference; lastKnownFileType = folder; path = rapidjson; sourceTree = "<group>"; };
		6642E58024794F1A00B7FF5C /* icons.json */ = {isa = PBXFileReference; lastKnownFileType = text.json; path = icons.json; sourceTree = "<group>"; };
		6642E5832479519800B7FF5C /* DashIcons.cpp */ = {isa = PBXFileReference; lastKnownFileType = sourcecode.cpp.cpp; path = DashIcons.cpp; sourceTree = "<group>"; };
		6642E5842479519800B7FF5C /* DashIcons.hpp */ = {isa = PBXFileReference; lastKnownFileType = sourcecode.cpp.h; path = DashIcons.hpp; sourceTree = "<group>"; };
		6642E5862479543300B7FF5C /* Icon.cpp */ = {isa = PBXFileReference; lastKnownFileType = sourcecode.cpp.cpp; path = Icon.cpp; sourceTree = "<group>"; };
		6642E5872479543300B7FF5C /* Icon.hpp */ = {isa = PBXFileReference; lastKnownFileType = sourcecode.cpp.h; path = Icon.hpp; sourceTree = "<group>"; };
		6642E589247961B000B7FF5C /* uvmap.tga */ = {isa = PBXFileReference; lastKnownFileType = file; path = uvmap.tga; sourceTree = "<group>"; };
		6642E58B24796CA200B7FF5C /* HBlurVertexShader.glsl */ = {isa = PBXFileReference; lastKnownFileType = text; path = HBlurVertexShader.glsl; sourceTree = "<group>"; };
		6642E58C24796CC000B7FF5C /* VBlurVertexShader.glsl */ = {isa = PBXFileReference; lastKnownFileType = text; path = VBlurVertexShader.glsl; sourceTree = "<group>"; };
		6642E58D24796CDB00B7FF5C /* BlurFragmentShader.glsl */ = {isa = PBXFileReference; lastKnownFileType = text; path = BlurFragmentShader.glsl; sourceTree = "<group>"; };
		6659847923044886002D326C /* TextVertex.glsl */ = {isa = PBXFileReference; lastKnownFileType = text; path = TextVertex.glsl; sourceTree = "<group>"; };
		6659847A23044894002D326C /* TextFragment.glsl */ = {isa = PBXFileReference; lastKnownFileType = text; path = TextFragment.glsl; sourceTree = "<group>"; };
		6659847B23044960002D326C /* libfreetype.dylib */ = {isa = PBXFileReference; lastKnownFileType = "compiled.mach-o.dylib"; name = libfreetype.dylib; path = ../../../../../usr/local/lib/libfreetype.dylib; sourceTree = "<group>"; };
		6659847F23044A47002D326C /* FontWrapper.cpp */ = {isa = PBXFileReference; lastKnownFileType = sourcecode.cpp.cpp; path = FontWrapper.cpp; sourceTree = "<group>"; };
		6659848023044A47002D326C /* FontWrapper.hpp */ = {isa = PBXFileReference; lastKnownFileType = sourcecode.cpp.h; path = FontWrapper.hpp; sourceTree = "<group>"; };
		6659848723057103002D326C /* MainScene.cpp */ = {isa = PBXFileReference; lastKnownFileType = sourcecode.cpp.cpp; path = MainScene.cpp; sourceTree = "<group>"; };
		6659848823057103002D326C /* MainScene.hpp */ = {isa = PBXFileReference; lastKnownFileType = sourcecode.cpp.h; path = MainScene.hpp; sourceTree = "<group>"; };
		665984A22305C5A9002D326C /* Definitions.h */ = {isa = PBXFileReference; lastKnownFileType = sourcecode.c.h; path = Definitions.h; sourceTree = "<group>"; };
		665A5282245D77CC00AC6765 /* stb_image.h */ = {isa = PBXFileReference; lastKnownFileType = sourcecode.c.h; path = stb_image.h; sourceTree = "<group>"; };
		665A5283245D78C000AC6765 /* dissolve-ramp.tga */ = {isa = PBXFileReference; lastKnownFileType = file; path = "dissolve-ramp.tga"; sourceTree = "<group>"; };
		665A5287245D7C2200AC6765 /* noise.tga */ = {isa = PBXFileReference; lastKnownFileType = file; path = noise.tga; sourceTree = "<group>"; };
		665A528D245D91BB00AC6765 /* Splash.cpp */ = {isa = PBXFileReference; fileEncoding = 4; lastKnownFileType = sourcecode.cpp.cpp; path = Splash.cpp; sourceTree = "<group>"; };
		665A528E245D91BB00AC6765 /* Splash.hpp */ = {isa = PBXFileReference; fileEncoding = 4; lastKnownFileType = sourcecode.cpp.h; path = Splash.hpp; sourceTree = "<group>"; };
		665A5290245D932B00AC6765 /* Scene.cpp */ = {isa = PBXFileReference; lastKnownFileType = sourcecode.cpp.cpp; path = Scene.cpp; sourceTree = "<group>"; };
		665A5291245D932B00AC6765 /* Scene.hpp */ = {isa = PBXFileReference; lastKnownFileType = sourcecode.cpp.h; path = Scene.hpp; sourceTree = "<group>"; };
		665A5296245DA2C500AC6765 /* Animation.cpp */ = {isa = PBXFileReference; lastKnownFileType = sourcecode.cpp.cpp; path = Animation.cpp; sourceTree = "<group>"; };
		665A5297245DA2C500AC6765 /* Animation.hpp */ = {isa = PBXFileReference; lastKnownFileType = sourcecode.cpp.h; path = Animation.hpp; sourceTree = "<group>"; };
		66631609247553AD00665646 /* rkt.grpc.pb.h */ = {isa = PBXFileReference; fileEncoding = 4; lastKnownFileType = sourcecode.c.h; name = rkt.grpc.pb.h; path = pregen/rkt/proto/rkt.grpc.pb.h; sourceTree = "<group>"; };
		6663160A247553AD00665646 /* rkt.pb.h */ = {isa = PBXFileReference; fileEncoding = 4; lastKnownFileType = sourcecode.c.h; name = rkt.pb.h; path = pregen/rkt/proto/rkt.pb.h; sourceTree = "<group>"; };
		6663160B247553AD00665646 /* rkt.pb.cc */ = {isa = PBXFileReference; fileEncoding = 4; lastKnownFileType = sourcecode.cpp.cpp; name = rkt.pb.cc; path = pregen/rkt/proto/rkt.pb.cc; sourceTree = "<group>"; };
		6663160C247553AD00665646 /* rkt.grpc.pb.cc */ = {isa = PBXFileReference; fileEncoding = 4; lastKnownFileType = sourcecode.cpp.cpp; name = rkt.grpc.pb.cc; path = pregen/rkt/proto/rkt.grpc.pb.cc; sourceTree = "<group>"; };
		6663160F2476C5E100665646 /* TextureVertexShader.glsl */ = {isa = PBXFileReference; lastKnownFileType = text; path = TextureVertexShader.glsl; sourceTree = "<group>"; };
		666316132476C73E00665646 /* DissolveFragment.glsl */ = {isa = PBXFileReference; lastKnownFileType = text; path = DissolveFragment.glsl; sourceTree = "<group>"; };
		666316142476C73E00665646 /* DissolveVertex.glsl */ = {isa = PBXFileReference; lastKnownFileType = text; path = DissolveVertex.glsl; sourceTree = "<group>"; };
		6663161E2476CA6C00665646 /* Roboto-Regular.ttf */ = {isa = PBXFileReference; lastKnownFileType = file; path = "Roboto-Regular.ttf"; sourceTree = "<group>"; };
		666316302476CF4300665646 /* rocket.tga */ = {isa = PBXFileReference; lastKnownFileType = file; path = rocket.tga; sourceTree = "<group>"; };
		6671FCB223786B13005BA4E4 /* libgrpc.dylib */ = {isa = PBXFileReference; lastKnownFileType = "compiled.mach-o.dylib"; name = libgrpc.dylib; path = ../../../../../usr/local/lib/libgrpc.dylib; sourceTree = "<group>"; };
		6671FCB423786B2A005BA4E4 /* libgrpc++.dylib */ = {isa = PBXFileReference; lastKnownFileType = "compiled.mach-o.dylib"; name = "libgrpc++.dylib"; path = "../../../../../usr/local/lib/libgrpc++.dylib"; sourceTree = "<group>"; };
		6671FCB623786B49005BA4E4 /* libprotobuf.dylib */ = {isa = PBXFileReference; lastKnownFileType = "compiled.mach-o.dylib"; name = libprotobuf.dylib; path = ../../../../../usr/local/lib/libprotobuf.dylib; sourceTree = "<group>"; };
		66B17153246D76EF00A037C8 /* libSDL2.dylib */ = {isa = PBXFileReference; lastKnownFileType = "compiled.mach-o.dylib"; name = libSDL2.dylib; path = ../../../../../usr/local/lib/libSDL2.dylib; sourceTree = "<group>"; };
		66B80573230AB035001FC4A7 /* libEGL.dylib */ = {isa = PBXFileReference; lastKnownFileType = "compiled.mach-o.dylib"; name = libEGL.dylib; path = ../../angle/out/Release/libEGL.dylib; sourceTree = "<group>"; };
		66B80575230AB110001FC4A7 /* libGLESv2.dylib */ = {isa = PBXFileReference; lastKnownFileType = "compiled.mach-o.dylib"; name = libGLESv2.dylib; path = ../../angle/out/Release/libGLESv2.dylib; sourceTree = "<group>"; };
/* End PBXFileReference section */

/* Begin PBXFrameworksBuildPhase section */
		66369D962302E7A000975025 /* Frameworks */ = {
			isa = PBXFrameworksBuildPhase;
			buildActionMask = 2147483647;
			files = (
				6671FCB323786B13005BA4E4 /* libgrpc.dylib in Frameworks */,
				66B8057E230AC04A001FC4A7 /* libfreetype.dylib in Frameworks */,
				66B17154246D76EF00A037C8 /* libSDL2.dylib in Frameworks */,
				6671FCB523786B2A005BA4E4 /* libgrpc++.dylib in Frameworks */,
				66B8057B230AC010001FC4A7 /* libEGL.dylib in Frameworks */,
				66B8057C230AC014001FC4A7 /* libGLESv2.dylib in Frameworks */,
				6671FCB723786B49005BA4E4 /* libprotobuf.dylib in Frameworks */,
			);
			runOnlyForDeploymentPostprocessing = 0;
		};
/* End PBXFrameworksBuildPhase section */

/* Begin PBXGroup section */
		661879DB24740BC700BB39FF /* Scenes */ = {
			isa = PBXGroup;
			children = (
				6659848823057103002D326C /* MainScene.hpp */,
				6659848723057103002D326C /* MainScene.cpp */,
				665A5291245D932B00AC6765 /* Scene.hpp */,
				665A5290245D932B00AC6765 /* Scene.cpp */,
				665A528E245D91BB00AC6765 /* Splash.hpp */,
				665A528D245D91BB00AC6765 /* Splash.cpp */,
			);
			name = Scenes;
			sourceTree = "<group>";
		};
		661879DC24740BE400BB39FF /* Services */ = {
			isa = PBXGroup;
			children = (
				661879D62473DA2500BB39FF /* RocketteService.hpp */,
				661879D52473DA2500BB39FF /* RocketteService.cpp */,
			);
			name = Services;
			sourceTree = "<group>";
		};
		661879DE24740BF700BB39FF /* Shaders */ = {
			isa = PBXGroup;
			children = (
				66369DAE2302EACF00975025 /* ShaderProgram.hpp */,
				66369DAD2302EACF00975025 /* ShaderProgram.cpp */,
			);
			name = Shaders;
			sourceTree = "<group>";
		};
		661879DF24740C0C00BB39FF /* Utilities */ = {
			isa = PBXGroup;
			children = (
				6674FA2B24633B0900E4B6CC /* stb */,
				661879E324740C6D00BB39FF /* Rendering */,
				661879E024740C3200BB39FF /* glad.c */,
				661879D92474078500BB39FF /* Utils.hpp */,
				661879D82474078500BB39FF /* Utils.cpp */,
			);
			name = Utilities;
			sourceTree = "<group>";
		};
		661879E324740C6D00BB39FF /* Rendering */ = {
			isa = PBXGroup;
			children = (
				6659848023044A47002D326C /* FontWrapper.hpp */,
				6659847F23044A47002D326C /* FontWrapper.cpp */,
				66369DBC2302F31000975025 /* Texture.hpp */,
				66369DBB2302F31000975025 /* Texture.cpp */,
			);
			name = Rendering;
			sourceTree = "<group>";
		};
		66369D902302E7A000975025 = {
			isa = PBXGroup;
			children = (
				66369D9B2302E7A000975025 /* rkt */,
				66369D9A2302E7A000975025 /* Products */,
				66369DA62302E87800975025 /* Frameworks */,
			);
			sourceTree = "<group>";
		};
		66369D9A2302E7A000975025 /* Products */ = {
			isa = PBXGroup;
			children = (
				66369D992302E7A000975025 /* dash */,
			);
			name = Products;
			sourceTree = "<group>";
		};
		66369D9B2302E7A000975025 /* rkt */ = {
			isa = PBXGroup;
			children = (
				66D205AD24728BCB0013932C /* proto */,
				6674FA232463352C00E4B6CC /* etc */,
				6674FA2024632EA100E4B6CC /* src */,
			);
			path = rkt;
			sourceTree = "<group>";
		};
		66369DA62302E87800975025 /* Frameworks */ = {
			isa = PBXGroup;
			children = (
				6671FCB623786B49005BA4E4 /* libprotobuf.dylib */,
				6671FCB423786B2A005BA4E4 /* libgrpc++.dylib */,
				6671FCB223786B13005BA4E4 /* libgrpc.dylib */,
				66B80573230AB035001FC4A7 /* libEGL.dylib */,
				66B80575230AB110001FC4A7 /* libGLESv2.dylib */,
				6659847B23044960002D326C /* libfreetype.dylib */,
				66B17153246D76EF00A037C8 /* libSDL2.dylib */,
			);
			name = Frameworks;
			sourceTree = "<group>";
		};
		6642E5822479518300B7FF5C /* Elements */ = {
			isa = PBXGroup;
			children = (
				6642E5842479519800B7FF5C /* DashIcons.hpp */,
				6642E5832479519800B7FF5C /* DashIcons.cpp */,
				6642E5872479543300B7FF5C /* Icon.hpp */,
				6642E5862479543300B7FF5C /* Icon.cpp */,
			);
			name = Elements;
			sourceTree = "<group>";
		};
		6674FA2024632EA100E4B6CC /* src */ = {
			isa = PBXGroup;
			children = (
				6642E5822479518300B7FF5C /* Elements */,
				6642E57F24794EBF00B7FF5C /* rapidjson */,
				661879DB24740BC700BB39FF /* Scenes */,
				661879DC24740BE400BB39FF /* Services */,
				661879DE24740BF700BB39FF /* Shaders */,
				661879DF24740C0C00BB39FF /* Utilities */,
				665A5297245DA2C500AC6765 /* Animation.hpp */,
				665A5296245DA2C500AC6765 /* Animation.cpp */,
				665984A22305C5A9002D326C /* Definitions.h */,
				66369D9C2302E7A000975025 /* main.cpp */,
				66369DA42302E7E200975025 /* Renderer.hpp */,
				66369DA32302E7E200975025 /* Renderer.cpp */,
			);
			path = src;
			sourceTree = "<group>";
		};
		6674FA232463352C00E4B6CC /* etc */ = {
			isa = PBXGroup;
			children = (
				6674FA582464547400E4B6CC /* fonts */,
				6674FA282463358000E4B6CC /* shaders */,
				6674FA292463358900E4B6CC /* textures */,
			);
			path = etc;
			sourceTree = "<group>";
		};
		6674FA282463358000E4B6CC /* shaders */ = {
			isa = PBXGroup;
			children = (
				666316132476C73E00665646 /* DissolveFragment.glsl */,
				666316142476C73E00665646 /* DissolveVertex.glsl */,
				6663160F2476C5E100665646 /* TextureVertexShader.glsl */,
				66369DB32302EE8600975025 /* TextureFragmentShader.glsl */,
				6659847A23044894002D326C /* TextFragment.glsl */,
				6659847923044886002D326C /* TextVertex.glsl */,
				6642E58B24796CA200B7FF5C /* HBlurVertexShader.glsl */,
				6642E58C24796CC000B7FF5C /* VBlurVertexShader.glsl */,
				6642E58D24796CDB00B7FF5C /* BlurFragmentShader.glsl */,
			);
			path = shaders;
			sourceTree = "<group>";
		};
		6674FA292463358900E4B6CC /* textures */ = {
			isa = PBXGroup;
			children = (
				6642E57D24794CD200B7FF5C /* icons.tga */,
				665A5283245D78C000AC6765 /* dissolve-ramp.tga */,
				665A5287245D7C2200AC6765 /* noise.tga */,
				666316302476CF4300665646 /* rocket.tga */,
				6642E589247961B000B7FF5C /* uvmap.tga */,
				6642E58024794F1A00B7FF5C /* icons.json */,
			);
			path = textures;
			sourceTree = "<group>";
		};
		6674FA2B24633B0900E4B6CC /* stb */ = {
			isa = PBXGroup;
			children = (
				665A5282245D77CC00AC6765 /* stb_image.h */,
			);
			path = stb;
			sourceTree = "<group>";
		};
		6674FA582464547400E4B6CC /* fonts */ = {
			isa = PBXGroup;
			children = (
				6663161E2476CA6C00665646 /* Roboto-Regular.ttf */,
			);
			path = fonts;
			sourceTree = "<group>";
		};
		66D205AD24728BCB0013932C /* proto */ = {
			isa = PBXGroup;
			children = (
				6663160C247553AD00665646 /* rkt.grpc.pb.cc */,
				66631609247553AD00665646 /* rkt.grpc.pb.h */,
				6663160B247553AD00665646 /* rkt.pb.cc */,
				6663160A247553AD00665646 /* rkt.pb.h */,
			);
			name = proto;
			sourceTree = "<group>";
		};
/* End PBXGroup section */

/* Begin PBXNativeTarget section */
		66369D982302E7A000975025 /* dash */ = {
			isa = PBXNativeTarget;
			buildConfigurationList = 66369DA02302E7A000975025 /* Build configuration list for PBXNativeTarget "dash" */;
			buildPhases = (
				6674FA3E246452AF00E4B6CC /* CopyFiles */,
				6674FA4D2464531500E4B6CC /* CopyFiles */,
				6674FA5D2464549200E4B6CC /* CopyFiles */,
				66369D972302E7A000975025 /* Copy Files */,
				66369D952302E7A000975025 /* Sources */,
				66369D962302E7A000975025 /* Frameworks */,
			);
			buildRules = (
			);
			dependencies = (
			);
			name = dash;
			productName = dash;
			productReference = 66369D992302E7A000975025 /* dash */;
			productType = "com.apple.product-type.tool";
		};
/* End PBXNativeTarget section */

/* Begin PBXProject section */
		66369D912302E7A000975025 /* Project object */ = {
			isa = PBXProject;
			attributes = {
				LastUpgradeCheck = 1030;
				ORGANIZATIONNAME = gbuzogany.com;
				TargetAttributes = {
					66369D982302E7A000975025 = {
						CreatedOnToolsVersion = 10.3;
					};
				};
			};
			buildConfigurationList = 66369D942302E7A000975025 /* Build configuration list for PBXProject "dash" */;
			compatibilityVersion = "Xcode 9.3";
			developmentRegion = en;
			hasScannedForEncodings = 0;
			knownRegions = (
				en,
			);
			mainGroup = 66369D902302E7A000975025;
			productRefGroup = 66369D9A2302E7A000975025 /* Products */;
			projectDirPath = "";
			projectRoot = "";
			targets = (
				66369D982302E7A000975025 /* dash */,
			);
		};
/* End PBXProject section */

/* Begin PBXSourcesBuildPhase section */
		66369D952302E7A000975025 /* Sources */ = {
			isa = PBXSourcesBuildPhase;
			buildActionMask = 2147483647;
			files = (
				6659848123044A47002D326C /* FontWrapper.cpp in Sources */,
				66369DBD2302F31000975025 /* Texture.cpp in Sources */,
				6642E5882479543300B7FF5C /* Icon.cpp in Sources */,
				66369DAF2302EACF00975025 /* ShaderProgram.cpp in Sources */,
				66369DA52302E7E200975025 /* Renderer.cpp in Sources */,
				6663160D247553AD00665646 /* rkt.pb.cc in Sources */,
				661879D72473DA2500BB39FF /* RocketteService.cpp in Sources */,
				6659848923057103002D326C /* MainScene.cpp in Sources */,
				665A5292245D932B00AC6765 /* Scene.cpp in Sources */,
				665A528F245D91BB00AC6765 /* Splash.cpp in Sources */,
				66369D9D2302E7A000975025 /* main.cpp in Sources */,
				661879DA2474078500BB39FF /* Utils.cpp in Sources */,
				6663160E247553AD00665646 /* rkt.grpc.pb.cc in Sources */,
				665A5298245DA2C500AC6765 /* Animation.cpp in Sources */,
				661879E124740C3200BB39FF /* glad.c in Sources */,
				6642E5852479519800B7FF5C /* DashIcons.cpp in Sources */,
			);
			runOnlyForDeploymentPostprocessing = 0;
		};
/* End PBXSourcesBuildPhase section */

/* Begin XCBuildConfiguration section */
		66369D9E2302E7A000975025 /* Debug */ = {
			isa = XCBuildConfiguration;
			buildSettings = {
				ALWAYS_SEARCH_USER_PATHS = NO;
				CLANG_ANALYZER_NONNULL = YES;
				CLANG_ANALYZER_NUMBER_OBJECT_CONVERSION = YES_AGGRESSIVE;
				CLANG_CXX_LANGUAGE_STANDARD = "c++17";
				CLANG_CXX_LIBRARY = "compiler-default";
				CLANG_ENABLE_MODULES = YES;
				CLANG_ENABLE_OBJC_ARC = YES;
				CLANG_ENABLE_OBJC_WEAK = YES;
				CLANG_WARN_BLOCK_CAPTURE_AUTORELEASING = YES;
				CLANG_WARN_BOOL_CONVERSION = YES;
				CLANG_WARN_COMMA = YES;
				CLANG_WARN_CONSTANT_CONVERSION = YES;
				CLANG_WARN_DEPRECATED_OBJC_IMPLEMENTATIONS = YES;
				CLANG_WARN_DIRECT_OBJC_ISA_USAGE = YES_ERROR;
				CLANG_WARN_DOCUMENTATION_COMMENTS = YES;
				CLANG_WARN_EMPTY_BODY = YES;
				CLANG_WARN_ENUM_CONVERSION = YES;
				CLANG_WARN_INFINITE_RECURSION = YES;
				CLANG_WARN_INT_CONVERSION = YES;
				CLANG_WARN_NON_LITERAL_NULL_CONVERSION = YES;
				CLANG_WARN_OBJC_IMPLICIT_RETAIN_SELF = YES;
				CLANG_WARN_OBJC_LITERAL_CONVERSION = YES;
				CLANG_WARN_OBJC_ROOT_CLASS = YES_ERROR;
				CLANG_WARN_RANGE_LOOP_ANALYSIS = YES;
				CLANG_WARN_STRICT_PROTOTYPES = YES;
				CLANG_WARN_SUSPICIOUS_MOVE = YES;
				CLANG_WARN_UNGUARDED_AVAILABILITY = YES_AGGRESSIVE;
				CLANG_WARN_UNREACHABLE_CODE = YES;
				CLANG_WARN__DUPLICATE_METHOD_MATCH = YES;
				CODE_SIGN_IDENTITY = "Mac Developer";
				COPY_PHASE_STRIP = NO;
				DEBUG_INFORMATION_FORMAT = dwarf;
				ENABLE_STRICT_OBJC_MSGSEND = YES;
				ENABLE_TESTABILITY = YES;
				GCC_C_LANGUAGE_STANDARD = gnu11;
				GCC_DYNAMIC_NO_PIC = NO;
				GCC_NO_COMMON_BLOCKS = YES;
				GCC_OPTIMIZATION_LEVEL = 0;
				GCC_PREPROCESSOR_DEFINITIONS = (
					"DEBUG=1",
					"$(inherited)",
				);
				GCC_WARN_64_TO_32_BIT_CONVERSION = YES;
				GCC_WARN_ABOUT_RETURN_TYPE = YES_ERROR;
				GCC_WARN_UNDECLARED_SELECTOR = YES;
				GCC_WARN_UNINITIALIZED_AUTOS = YES_AGGRESSIVE;
				GCC_WARN_UNUSED_FUNCTION = YES;
				GCC_WARN_UNUSED_VARIABLE = YES;
				MACOSX_DEPLOYMENT_TARGET = 10.14;
				MTL_ENABLE_DEBUG_INFO = INCLUDE_SOURCE;
				MTL_FAST_MATH = YES;
				ONLY_ACTIVE_ARCH = YES;
				SDKROOT = macosx;
			};
			name = Debug;
		};
		66369D9F2302E7A000975025 /* Release */ = {
			isa = XCBuildConfiguration;
			buildSettings = {
				ALWAYS_SEARCH_USER_PATHS = NO;
				CLANG_ANALYZER_NONNULL = YES;
				CLANG_ANALYZER_NUMBER_OBJECT_CONVERSION = YES_AGGRESSIVE;
				CLANG_CXX_LANGUAGE_STANDARD = "c++17";
				CLANG_CXX_LIBRARY = "compiler-default";
				CLANG_ENABLE_MODULES = YES;
				CLANG_ENABLE_OBJC_ARC = YES;
				CLANG_ENABLE_OBJC_WEAK = YES;
				CLANG_WARN_BLOCK_CAPTURE_AUTORELEASING = YES;
				CLANG_WARN_BOOL_CONVERSION = YES;
				CLANG_WARN_COMMA = YES;
				CLANG_WARN_CONSTANT_CONVERSION = YES;
				CLANG_WARN_DEPRECATED_OBJC_IMPLEMENTATIONS = YES;
				CLANG_WARN_DIRECT_OBJC_ISA_USAGE = YES_ERROR;
				CLANG_WARN_DOCUMENTATION_COMMENTS = YES;
				CLANG_WARN_EMPTY_BODY = YES;
				CLANG_WARN_ENUM_CONVERSION = YES;
				CLANG_WARN_INFINITE_RECURSION = YES;
				CLANG_WARN_INT_CONVERSION = YES;
				CLANG_WARN_NON_LITERAL_NULL_CONVERSION = YES;
				CLANG_WARN_OBJC_IMPLICIT_RETAIN_SELF = YES;
				CLANG_WARN_OBJC_LITERAL_CONVERSION = YES;
				CLANG_WARN_OBJC_ROOT_CLASS = YES_ERROR;
				CLANG_WARN_RANGE_LOOP_ANALYSIS = YES;
				CLANG_WARN_STRICT_PROTOTYPES = YES;
				CLANG_WARN_SUSPICIOUS_MOVE = YES;
				CLANG_WARN_UNGUARDED_AVAILABILITY = YES_AGGRESSIVE;
				CLANG_WARN_UNREACHABLE_CODE = YES;
				CLANG_WARN__DUPLICATE_METHOD_MATCH = YES;
				CODE_SIGN_IDENTITY = "Mac Developer";
				COPY_PHASE_STRIP = NO;
				DEBUG_INFORMATION_FORMAT = "dwarf-with-dsym";
				ENABLE_NS_ASSERTIONS = NO;
				ENABLE_STRICT_OBJC_MSGSEND = YES;
				GCC_C_LANGUAGE_STANDARD = gnu11;
				GCC_NO_COMMON_BLOCKS = YES;
				GCC_WARN_64_TO_32_BIT_CONVERSION = YES;
				GCC_WARN_ABOUT_RETURN_TYPE = YES_ERROR;
				GCC_WARN_UNDECLARED_SELECTOR = YES;
				GCC_WARN_UNINITIALIZED_AUTOS = YES_AGGRESSIVE;
				GCC_WARN_UNUSED_FUNCTION = YES;
				GCC_WARN_UNUSED_VARIABLE = YES;
				MACOSX_DEPLOYMENT_TARGET = 10.14;
				MTL_ENABLE_DEBUG_INFO = NO;
				MTL_FAST_MATH = YES;
				SDKROOT = macosx;
			};
			name = Release;
		};
		66369DA12302E7A000975025 /* Debug */ = {
			isa = XCBuildConfiguration;
			buildSettings = {
				CLANG_CXX_LANGUAGE_STANDARD = "c++0x";
				CLANG_CXX_LIBRARY = "compiler-default";
				CODE_SIGN_IDENTITY = "Mac Developer";
				CODE_SIGN_STYLE = Automatic;
				DEVELOPMENT_TEAM = D4K47L4SBH;
				HEADER_SEARCH_PATHS = (
					/usr/local/include,
					/usr/local/include/freetype2,
					"\"$(SRCROOT)/../../angle/include\"",
					"\"$(SRCROOT)/\"",
					"\"$(SRCROOT)/../../../Downloads/glatter-master/include\"",
					/usr/local/include/SDL2,
					"\"$(SRCROOT)/glad/include\"",
					"\"$(SRCROOT)/rkt/pregen\"",
				);
				LIBRARY_SEARCH_PATHS = (
					"$(inherited)",
					/usr/local/lib,
					"\"$(SRCROOT)/../../angle/out/Release\"",
				);
				OTHER_LDFLAGS = "";
				PRODUCT_NAME = "$(TARGET_NAME)";
				PROVISIONING_PROFILE_SPECIFIER = "";
			};
			name = Debug;
		};
		66369DA22302E7A000975025 /* Release */ = {
			isa = XCBuildConfiguration;
			buildSettings = {
				CLANG_CXX_LANGUAGE_STANDARD = "c++0x";
				CLANG_CXX_LIBRARY = "compiler-default";
				CODE_SIGN_IDENTITY = "Mac Developer";
				CODE_SIGN_STYLE = Automatic;
				DEVELOPMENT_TEAM = D4K47L4SBH;
				HEADER_SEARCH_PATHS = (
					/usr/local/include,
					/usr/local/include/freetype2,
					"\"$(SRCROOT)/../../angle/include\"",
					"\"$(SRCROOT)/\"",
					"\"$(SRCROOT)/../../../Downloads/glatter-master/include\"",
					/usr/local/include/SDL2,
					"\"$(SRCROOT)/glad/include\"",
					"\"$(SRCROOT)/rkt/pregen\"",
				);
				LIBRARY_SEARCH_PATHS = (
					"$(inherited)",
					/usr/local/lib,
					"\"$(SRCROOT)/../../angle/out/Release\"",
				);
				OTHER_LDFLAGS = "";
				PRODUCT_NAME = "$(TARGET_NAME)";
				PROVISIONING_PROFILE_SPECIFIER = "";
			};
			name = Release;
		};
/* End XCBuildConfiguration section */

/* Begin XCConfigurationList section */
		66369D942302E7A000975025 /* Build configuration list for PBXProject "dash" */ = {
			isa = XCConfigurationList;
			buildConfigurations = (
				66369D9E2302E7A000975025 /* Debug */,
				66369D9F2302E7A000975025 /* Release */,
			);
			defaultConfigurationIsVisible = 0;
			defaultConfigurationName = Release;
		};
		66369DA02302E7A000975025 /* Build configuration list for PBXNativeTarget "dash" */ = {
			isa = XCConfigurationList;
			buildConfigurations = (
				66369DA12302E7A000975025 /* Debug */,
				66369DA22302E7A000975025 /* Release */,
			);
			defaultConfigurationIsVisible = 0;
			defaultConfigurationName = Release;
		};
/* End XCConfigurationList section */
	};
	rootObject = 66369D912302E7A000975025 /* Project object */;
}
