// !$*UTF8*$!
{
	archiveVersion = 1;
	classes = {
	};
	objectVersion = 50;
	objects = {

/* Begin PBXBuildFile section */
		660070312433C85E001080A1 /* dash.grpc.pb.cc in Sources */ = {isa = PBXBuildFile; fileRef = 6600702F2433C85E001080A1 /* dash.grpc.pb.cc */; };
		660070322433C85E001080A1 /* dash.pb.cc in Sources */ = {isa = PBXBuildFile; fileRef = 660070302433C85E001080A1 /* dash.pb.cc */; };
		660070362433C8AE001080A1 /* DashControl.cpp in Sources */ = {isa = PBXBuildFile; fileRef = 660070342433C8AE001080A1 /* DashControl.cpp */; };
		66369D9D2302E7A000975025 /* main.cpp in Sources */ = {isa = PBXBuildFile; fileRef = 66369D9C2302E7A000975025 /* main.cpp */; };
		66369DA52302E7E200975025 /* Renderer.cpp in Sources */ = {isa = PBXBuildFile; fileRef = 66369DA32302E7E200975025 /* Renderer.cpp */; };
		66369DAF2302EACF00975025 /* ShaderProgram.cpp in Sources */ = {isa = PBXBuildFile; fileRef = 66369DAD2302EACF00975025 /* ShaderProgram.cpp */; };
		66369DB22302EAFC00975025 /* Shader.cpp in Sources */ = {isa = PBXBuildFile; fileRef = 66369DB02302EAFC00975025 /* Shader.cpp */; };
		66369DB72302EE9D00975025 /* TextureFragmentShader.glsl in CopyFiles */ = {isa = PBXBuildFile; fileRef = 66369DB32302EE8600975025 /* TextureFragmentShader.glsl */; };
		66369DB82302EE9D00975025 /* TransformVertexShader.glsl in CopyFiles */ = {isa = PBXBuildFile; fileRef = 66369DB42302EE8600975025 /* TransformVertexShader.glsl */; };
		66369DBA2302F2F700975025 /* uvtemplate.bmp in CopyFiles */ = {isa = PBXBuildFile; fileRef = 66369DB92302F2F100975025 /* uvtemplate.bmp */; };
		66369DBD2302F31000975025 /* Texture.cpp in Sources */ = {isa = PBXBuildFile; fileRef = 66369DBB2302F31000975025 /* Texture.cpp */; };
		6659848123044A47002D326C /* Font.cpp in Sources */ = {isa = PBXBuildFile; fileRef = 6659847F23044A47002D326C /* Font.cpp */; };
		6659848223044ED5002D326C /* TextVertex.glsl in CopyFiles */ = {isa = PBXBuildFile; fileRef = 6659847923044886002D326C /* TextVertex.glsl */; };
		6659848323044ED5002D326C /* TextFragment.glsl in CopyFiles */ = {isa = PBXBuildFile; fileRef = 6659847A23044894002D326C /* TextFragment.glsl */; };
		6659848623056DFF002D326C /* Vehicle.cpp in Sources */ = {isa = PBXBuildFile; fileRef = 6659848423056DFF002D326C /* Vehicle.cpp */; };
		6659848923057103002D326C /* Dashboard.cpp in Sources */ = {isa = PBXBuildFile; fileRef = 6659848723057103002D326C /* Dashboard.cpp */; };
		6671FCB323786B13005BA4E4 /* libgrpc.dylib in Frameworks */ = {isa = PBXBuildFile; fileRef = 6671FCB223786B13005BA4E4 /* libgrpc.dylib */; };
		6671FCB523786B2A005BA4E4 /* libgrpc++.dylib in Frameworks */ = {isa = PBXBuildFile; fileRef = 6671FCB423786B2A005BA4E4 /* libgrpc++.dylib */; };
		6671FCB723786B49005BA4E4 /* libprotobuf.dylib in Frameworks */ = {isa = PBXBuildFile; fileRef = 6671FCB623786B49005BA4E4 /* libprotobuf.dylib */; };
		66754E4D2436303100B53C5A /* MediaPlayer.cpp in Sources */ = {isa = PBXBuildFile; fileRef = 66754E4B2436303100B53C5A /* MediaPlayer.cpp */; };
		66A686B224585EC800FF318E /* LineFragment.glsl in CopyFiles */ = {isa = PBXBuildFile; fileRef = 66A686B024585E9E00FF318E /* LineFragment.glsl */; };
		66A686B324585EC800FF318E /* LineVertex.glsl in CopyFiles */ = {isa = PBXBuildFile; fileRef = 66A686B124585E9E00FF318E /* LineVertex.glsl */; };
		66A686B6245889BA00FF318E /* RingArcFragment.glsl in CopyFiles */ = {isa = PBXBuildFile; fileRef = 66A686B5245889B000FF318E /* RingArcFragment.glsl */; };
		66A686B7245889BA00FF318E /* RingArcVertex.glsl in CopyFiles */ = {isa = PBXBuildFile; fileRef = 66A686B4245889B000FF318E /* RingArcVertex.glsl */; };
		66A686CD245A0B4300FF318E /* RingTextureArcFragment.glsl in CopyFiles */ = {isa = PBXBuildFile; fileRef = 66A686CC245A0A6500FF318E /* RingTextureArcFragment.glsl */; };
		66A686CE245A0B4300FF318E /* RingTextureArcVertex.glsl in CopyFiles */ = {isa = PBXBuildFile; fileRef = 66A686CB245A0A6400FF318E /* RingTextureArcVertex.glsl */; };
		66A686D0245A0F7D00FF318E /* radial.bmp in CopyFiles */ = {isa = PBXBuildFile; fileRef = 66A686CF245A0F7700FF318E /* radial.bmp */; };
		66A686D2245A159400FF318E /* background.bmp in CopyFiles */ = {isa = PBXBuildFile; fileRef = 66A686D1245A141100FF318E /* background.bmp */; };
		66B80579230AB16B001FC4A7 /* libEGL.dylib in CopyFiles */ = {isa = PBXBuildFile; fileRef = 66B80573230AB035001FC4A7 /* libEGL.dylib */; };
		66B8057A230AB17D001FC4A7 /* libGLESv2.dylib in CopyFiles */ = {isa = PBXBuildFile; fileRef = 66B80575230AB110001FC4A7 /* libGLESv2.dylib */; };
		66B8057B230AC010001FC4A7 /* libEGL.dylib in Frameworks */ = {isa = PBXBuildFile; fileRef = 66B80573230AB035001FC4A7 /* libEGL.dylib */; };
		66B8057C230AC014001FC4A7 /* libGLESv2.dylib in Frameworks */ = {isa = PBXBuildFile; fileRef = 66B80575230AB110001FC4A7 /* libGLESv2.dylib */; };
		66B8057D230AC016001FC4A7 /* libSDL2-2.0.0.dylib in Frameworks */ = {isa = PBXBuildFile; fileRef = 66369DA92302E87800975025 /* libSDL2-2.0.0.dylib */; };
		66B8057E230AC04A001FC4A7 /* libfreetype.dylib in Frameworks */ = {isa = PBXBuildFile; fileRef = 6659847B23044960002D326C /* libfreetype.dylib */; };
		66F48924230D8E8D0092BA35 /* square.bmp in CopyFiles */ = {isa = PBXBuildFile; fileRef = 66F48922230D8E700092BA35 /* square.bmp */; };
/* End PBXBuildFile section */

/* Begin PBXCopyFilesBuildPhase section */
		66369D972302E7A000975025 /* CopyFiles */ = {
			isa = PBXCopyFilesBuildPhase;
			buildActionMask = 12;
			dstPath = "";
			dstSubfolderSpec = 16;
			files = (
				66A686D2245A159400FF318E /* background.bmp in CopyFiles */,
				66A686D0245A0F7D00FF318E /* radial.bmp in CopyFiles */,
				66A686CD245A0B4300FF318E /* RingTextureArcFragment.glsl in CopyFiles */,
				66A686CE245A0B4300FF318E /* RingTextureArcVertex.glsl in CopyFiles */,
				66A686B6245889BA00FF318E /* RingArcFragment.glsl in CopyFiles */,
				66A686B7245889BA00FF318E /* RingArcVertex.glsl in CopyFiles */,
				66A686B224585EC800FF318E /* LineFragment.glsl in CopyFiles */,
				66A686B324585EC800FF318E /* LineVertex.glsl in CopyFiles */,
				66F48924230D8E8D0092BA35 /* square.bmp in CopyFiles */,
				66369DB72302EE9D00975025 /* TextureFragmentShader.glsl in CopyFiles */,
				66369DB82302EE9D00975025 /* TransformVertexShader.glsl in CopyFiles */,
				66369DBA2302F2F700975025 /* uvtemplate.bmp in CopyFiles */,
				6659848223044ED5002D326C /* TextVertex.glsl in CopyFiles */,
				66B8057A230AB17D001FC4A7 /* libGLESv2.dylib in CopyFiles */,
				6659848323044ED5002D326C /* TextFragment.glsl in CopyFiles */,
				66B80579230AB16B001FC4A7 /* libEGL.dylib in CopyFiles */,
			);
			runOnlyForDeploymentPostprocessing = 0;
		};
/* End PBXCopyFilesBuildPhase section */

/* Begin PBXFileReference section */
		6600702D2433C85E001080A1 /* dash.grpc.pb.h */ = {isa = PBXFileReference; fileEncoding = 4; lastKnownFileType = sourcecode.c.h; path = dash.grpc.pb.h; sourceTree = "<group>"; };
		6600702E2433C85E001080A1 /* dash.pb.h */ = {isa = PBXFileReference; fileEncoding = 4; lastKnownFileType = sourcecode.c.h; path = dash.pb.h; sourceTree = "<group>"; };
		6600702F2433C85E001080A1 /* dash.grpc.pb.cc */ = {isa = PBXFileReference; fileEncoding = 4; lastKnownFileType = sourcecode.cpp.cpp; path = dash.grpc.pb.cc; sourceTree = "<group>"; };
		660070302433C85E001080A1 /* dash.pb.cc */ = {isa = PBXFileReference; fileEncoding = 4; lastKnownFileType = sourcecode.cpp.cpp; path = dash.pb.cc; sourceTree = "<group>"; };
		660070342433C8AE001080A1 /* DashControl.cpp */ = {isa = PBXFileReference; lastKnownFileType = sourcecode.cpp.cpp; path = DashControl.cpp; sourceTree = "<group>"; };
		660070352433C8AE001080A1 /* DashControl.hpp */ = {isa = PBXFileReference; lastKnownFileType = sourcecode.cpp.h; path = DashControl.hpp; sourceTree = "<group>"; };
		66369D992302E7A000975025 /* dash */ = {isa = PBXFileReference; explicitFileType = "compiled.mach-o.executable"; includeInIndex = 0; path = dash; sourceTree = BUILT_PRODUCTS_DIR; };
		66369D9C2302E7A000975025 /* main.cpp */ = {isa = PBXFileReference; lastKnownFileType = sourcecode.cpp.cpp; path = main.cpp; sourceTree = "<group>"; };
		66369DA32302E7E200975025 /* Renderer.cpp */ = {isa = PBXFileReference; lastKnownFileType = sourcecode.cpp.cpp; path = Renderer.cpp; sourceTree = "<group>"; };
		66369DA42302E7E200975025 /* Renderer.hpp */ = {isa = PBXFileReference; lastKnownFileType = sourcecode.cpp.h; path = Renderer.hpp; sourceTree = "<group>"; };
		66369DA92302E87800975025 /* libSDL2-2.0.0.dylib */ = {isa = PBXFileReference; lastKnownFileType = "compiled.mach-o.dylib"; name = "libSDL2-2.0.0.dylib"; path = "/Users/gbuzogany/Projects/SDL_ES_Test/../../../../usr/local/Cellar/sdl2/2.0.9_1/lib/libSDL2-2.0.0.dylib"; sourceTree = "<absolute>"; };
		66369DAD2302EACF00975025 /* ShaderProgram.cpp */ = {isa = PBXFileReference; lastKnownFileType = sourcecode.cpp.cpp; path = ShaderProgram.cpp; sourceTree = "<group>"; };
		66369DAE2302EACF00975025 /* ShaderProgram.hpp */ = {isa = PBXFileReference; lastKnownFileType = sourcecode.cpp.h; path = ShaderProgram.hpp; sourceTree = "<group>"; };
		66369DB02302EAFC00975025 /* Shader.cpp */ = {isa = PBXFileReference; lastKnownFileType = sourcecode.cpp.cpp; path = Shader.cpp; sourceTree = "<group>"; };
		66369DB12302EAFC00975025 /* Shader.hpp */ = {isa = PBXFileReference; lastKnownFileType = sourcecode.cpp.h; path = Shader.hpp; sourceTree = "<group>"; };
		66369DB32302EE8600975025 /* TextureFragmentShader.glsl */ = {isa = PBXFileReference; lastKnownFileType = text; path = TextureFragmentShader.glsl; sourceTree = "<group>"; };
		66369DB42302EE8600975025 /* TransformVertexShader.glsl */ = {isa = PBXFileReference; lastKnownFileType = text; path = TransformVertexShader.glsl; sourceTree = "<group>"; };
		66369DB92302F2F100975025 /* uvtemplate.bmp */ = {isa = PBXFileReference; lastKnownFileType = image.bmp; path = uvtemplate.bmp; sourceTree = "<group>"; };
		66369DBB2302F31000975025 /* Texture.cpp */ = {isa = PBXFileReference; lastKnownFileType = sourcecode.cpp.cpp; path = Texture.cpp; sourceTree = "<group>"; };
		66369DBC2302F31000975025 /* Texture.hpp */ = {isa = PBXFileReference; lastKnownFileType = sourcecode.cpp.h; path = Texture.hpp; sourceTree = "<group>"; };
		6659847923044886002D326C /* TextVertex.glsl */ = {isa = PBXFileReference; lastKnownFileType = text; path = TextVertex.glsl; sourceTree = "<group>"; };
		6659847A23044894002D326C /* TextFragment.glsl */ = {isa = PBXFileReference; lastKnownFileType = text; path = TextFragment.glsl; sourceTree = "<group>"; };
		6659847B23044960002D326C /* libfreetype.dylib */ = {isa = PBXFileReference; lastKnownFileType = "compiled.mach-o.dylib"; name = libfreetype.dylib; path = ../../../../../usr/local/lib/libfreetype.dylib; sourceTree = "<group>"; };
		6659847F23044A47002D326C /* Font.cpp */ = {isa = PBXFileReference; lastKnownFileType = sourcecode.cpp.cpp; path = Font.cpp; sourceTree = "<group>"; };
		6659848023044A47002D326C /* Font.hpp */ = {isa = PBXFileReference; lastKnownFileType = sourcecode.cpp.h; path = Font.hpp; sourceTree = "<group>"; };
		6659848423056DFF002D326C /* Vehicle.cpp */ = {isa = PBXFileReference; lastKnownFileType = sourcecode.cpp.cpp; path = Vehicle.cpp; sourceTree = "<group>"; };
		6659848523056DFF002D326C /* Vehicle.hpp */ = {isa = PBXFileReference; lastKnownFileType = sourcecode.cpp.h; path = Vehicle.hpp; sourceTree = "<group>"; };
		6659848723057103002D326C /* Dashboard.cpp */ = {isa = PBXFileReference; lastKnownFileType = sourcecode.cpp.cpp; path = Dashboard.cpp; sourceTree = "<group>"; };
		6659848823057103002D326C /* Dashboard.hpp */ = {isa = PBXFileReference; lastKnownFileType = sourcecode.cpp.h; path = Dashboard.hpp; sourceTree = "<group>"; };
		665984A22305C5A9002D326C /* Definitions.h */ = {isa = PBXFileReference; lastKnownFileType = sourcecode.c.h; path = Definitions.h; sourceTree = "<group>"; };
		6671FCB223786B13005BA4E4 /* libgrpc.dylib */ = {isa = PBXFileReference; lastKnownFileType = "compiled.mach-o.dylib"; name = libgrpc.dylib; path = ../../../../../usr/local/lib/libgrpc.dylib; sourceTree = "<group>"; };
		6671FCB423786B2A005BA4E4 /* libgrpc++.dylib */ = {isa = PBXFileReference; lastKnownFileType = "compiled.mach-o.dylib"; name = "libgrpc++.dylib"; path = "../../../../../usr/local/lib/libgrpc++.dylib"; sourceTree = "<group>"; };
		6671FCB623786B49005BA4E4 /* libprotobuf.dylib */ = {isa = PBXFileReference; lastKnownFileType = "compiled.mach-o.dylib"; name = libprotobuf.dylib; path = ../../../../../usr/local/lib/libprotobuf.dylib; sourceTree = "<group>"; };
		66754E4B2436303100B53C5A /* MediaPlayer.cpp */ = {isa = PBXFileReference; lastKnownFileType = sourcecode.cpp.cpp; path = MediaPlayer.cpp; sourceTree = "<group>"; };
		66754E4C2436303100B53C5A /* MediaPlayer.hpp */ = {isa = PBXFileReference; lastKnownFileType = sourcecode.cpp.h; path = MediaPlayer.hpp; sourceTree = "<group>"; };
		66A686B024585E9E00FF318E /* LineFragment.glsl */ = {isa = PBXFileReference; fileEncoding = 4; lastKnownFileType = text; path = LineFragment.glsl; sourceTree = "<group>"; };
		66A686B124585E9E00FF318E /* LineVertex.glsl */ = {isa = PBXFileReference; fileEncoding = 4; lastKnownFileType = text; path = LineVertex.glsl; sourceTree = "<group>"; };
		66A686B4245889B000FF318E /* RingArcVertex.glsl */ = {isa = PBXFileReference; lastKnownFileType = text; path = RingArcVertex.glsl; sourceTree = "<group>"; };
		66A686B5245889B000FF318E /* RingArcFragment.glsl */ = {isa = PBXFileReference; lastKnownFileType = text; path = RingArcFragment.glsl; sourceTree = "<group>"; };
		66A686CB245A0A6400FF318E /* RingTextureArcVertex.glsl */ = {isa = PBXFileReference; lastKnownFileType = text; path = RingTextureArcVertex.glsl; sourceTree = "<group>"; };
		66A686CC245A0A6500FF318E /* RingTextureArcFragment.glsl */ = {isa = PBXFileReference; lastKnownFileType = text; path = RingTextureArcFragment.glsl; sourceTree = "<group>"; };
		66A686CF245A0F7700FF318E /* radial.bmp */ = {isa = PBXFileReference; lastKnownFileType = image.bmp; path = radial.bmp; sourceTree = "<group>"; };
		66A686D1245A141100FF318E /* background.bmp */ = {isa = PBXFileReference; lastKnownFileType = image.bmp; path = background.bmp; sourceTree = "<group>"; };
		66B80573230AB035001FC4A7 /* libEGL.dylib */ = {isa = PBXFileReference; lastKnownFileType = "compiled.mach-o.dylib"; name = libEGL.dylib; path = ../../angle/out/Release/libEGL.dylib; sourceTree = "<group>"; };
		66B80575230AB110001FC4A7 /* libGLESv2.dylib */ = {isa = PBXFileReference; lastKnownFileType = "compiled.mach-o.dylib"; name = libGLESv2.dylib; path = ../../angle/out/Release/libGLESv2.dylib; sourceTree = "<group>"; };
		66F48922230D8E700092BA35 /* square.bmp */ = {isa = PBXFileReference; lastKnownFileType = image.bmp; path = square.bmp; sourceTree = "<group>"; };
/* End PBXFileReference section */

/* Begin PBXFrameworksBuildPhase section */
		66369D962302E7A000975025 /* Frameworks */ = {
			isa = PBXFrameworksBuildPhase;
			buildActionMask = 2147483647;
			files = (
				6671FCB323786B13005BA4E4 /* libgrpc.dylib in Frameworks */,
				66B8057E230AC04A001FC4A7 /* libfreetype.dylib in Frameworks */,
				6671FCB523786B2A005BA4E4 /* libgrpc++.dylib in Frameworks */,
				66B8057B230AC010001FC4A7 /* libEGL.dylib in Frameworks */,
				66B8057C230AC014001FC4A7 /* libGLESv2.dylib in Frameworks */,
				6671FCB723786B49005BA4E4 /* libprotobuf.dylib in Frameworks */,
				66B8057D230AC016001FC4A7 /* libSDL2-2.0.0.dylib in Frameworks */,
			);
			runOnlyForDeploymentPostprocessing = 0;
		};
/* End PBXFrameworksBuildPhase section */

/* Begin PBXGroup section */
		660070332433C863001080A1 /* rpc */ = {
			isa = PBXGroup;
			children = (
				66754E4B2436303100B53C5A /* MediaPlayer.cpp */,
				66754E4C2436303100B53C5A /* MediaPlayer.hpp */,
				660070342433C8AE001080A1 /* DashControl.cpp */,
				660070352433C8AE001080A1 /* DashControl.hpp */,
				6600702F2433C85E001080A1 /* dash.grpc.pb.cc */,
				6600702D2433C85E001080A1 /* dash.grpc.pb.h */,
				660070302433C85E001080A1 /* dash.pb.cc */,
				6600702E2433C85E001080A1 /* dash.pb.h */,
			);
			name = rpc;
			sourceTree = "<group>";
		};
		66369D902302E7A000975025 = {
			isa = PBXGroup;
			children = (
				66369D9B2302E7A000975025 /* dash */,
				66369D9A2302E7A000975025 /* Products */,
				66369DA62302E87800975025 /* Frameworks */,
			);
			sourceTree = "<group>";
		};
		66369D9A2302E7A000975025 /* Products */ = {
			isa = PBXGroup;
			children = (
				66369D992302E7A000975025 /* dash */,
			);
			name = Products;
			sourceTree = "<group>";
		};
		66369D9B2302E7A000975025 /* dash */ = {
			isa = PBXGroup;
			children = (
				66F48923230D8E7C0092BA35 /* Resources */,
				6659848E2305765A002D326C /* Vehicle */,
				66369DB62302EE8D00975025 /* Shaders */,
				660070332433C863001080A1 /* rpc */,
				665984A22305C5A9002D326C /* Definitions.h */,
				66369D9C2302E7A000975025 /* main.cpp */,
				66369DA32302E7E200975025 /* Renderer.cpp */,
				66369DA42302E7E200975025 /* Renderer.hpp */,
				66369DAD2302EACF00975025 /* ShaderProgram.cpp */,
				66369DAE2302EACF00975025 /* ShaderProgram.hpp */,
				66369DB02302EAFC00975025 /* Shader.cpp */,
				66369DB12302EAFC00975025 /* Shader.hpp */,
				66369DBB2302F31000975025 /* Texture.cpp */,
				66369DBC2302F31000975025 /* Texture.hpp */,
				6659847F23044A47002D326C /* Font.cpp */,
				6659848023044A47002D326C /* Font.hpp */,
				6659848723057103002D326C /* Dashboard.cpp */,
				6659848823057103002D326C /* Dashboard.hpp */,
			);
			path = dash;
			sourceTree = "<group>";
		};
		66369DA62302E87800975025 /* Frameworks */ = {
			isa = PBXGroup;
			children = (
				6671FCB623786B49005BA4E4 /* libprotobuf.dylib */,
				6671FCB423786B2A005BA4E4 /* libgrpc++.dylib */,
				6671FCB223786B13005BA4E4 /* libgrpc.dylib */,
				66B80573230AB035001FC4A7 /* libEGL.dylib */,
				66B80575230AB110001FC4A7 /* libGLESv2.dylib */,
				6659847B23044960002D326C /* libfreetype.dylib */,
				66369DA92302E87800975025 /* libSDL2-2.0.0.dylib */,
			);
			name = Frameworks;
			sourceTree = "<group>";
		};
		66369DB62302EE8D00975025 /* Shaders */ = {
			isa = PBXGroup;
			children = (
				66A686CC245A0A6500FF318E /* RingTextureArcFragment.glsl */,
				66A686CB245A0A6400FF318E /* RingTextureArcVertex.glsl */,
				66A686B5245889B000FF318E /* RingArcFragment.glsl */,
				66A686B4245889B000FF318E /* RingArcVertex.glsl */,
				66A686B024585E9E00FF318E /* LineFragment.glsl */,
				66A686B124585E9E00FF318E /* LineVertex.glsl */,
				66369DB32302EE8600975025 /* TextureFragmentShader.glsl */,
				66369DB42302EE8600975025 /* TransformVertexShader.glsl */,
				6659847A23044894002D326C /* TextFragment.glsl */,
				6659847923044886002D326C /* TextVertex.glsl */,
			);
			name = Shaders;
			sourceTree = "<group>";
		};
		6659848E2305765A002D326C /* Vehicle */ = {
			isa = PBXGroup;
			children = (
				6659848423056DFF002D326C /* Vehicle.cpp */,
				6659848523056DFF002D326C /* Vehicle.hpp */,
			);
			name = Vehicle;
			sourceTree = "<group>";
		};
		66F48923230D8E7C0092BA35 /* Resources */ = {
			isa = PBXGroup;
			children = (
				66A686CF245A0F7700FF318E /* radial.bmp */,
				66369DB92302F2F100975025 /* uvtemplate.bmp */,
				66F48922230D8E700092BA35 /* square.bmp */,
				66A686D1245A141100FF318E /* background.bmp */,
			);
			name = Resources;
			sourceTree = "<group>";
		};
/* End PBXGroup section */

/* Begin PBXNativeTarget section */
		66369D982302E7A000975025 /* dash */ = {
			isa = PBXNativeTarget;
			buildConfigurationList = 66369DA02302E7A000975025 /* Build configuration list for PBXNativeTarget "dash" */;
			buildPhases = (
				66369D972302E7A000975025 /* CopyFiles */,
				66369D952302E7A000975025 /* Sources */,
				66369D962302E7A000975025 /* Frameworks */,
			);
			buildRules = (
			);
			dependencies = (
			);
			name = dash;
			productName = dash;
			productReference = 66369D992302E7A000975025 /* dash */;
			productType = "com.apple.product-type.tool";
		};
/* End PBXNativeTarget section */

/* Begin PBXProject section */
		66369D912302E7A000975025 /* Project object */ = {
			isa = PBXProject;
			attributes = {
				LastUpgradeCheck = 1030;
				ORGANIZATIONNAME = gbuzogany.com;
				TargetAttributes = {
					66369D982302E7A000975025 = {
						CreatedOnToolsVersion = 10.3;
					};
				};
			};
			buildConfigurationList = 66369D942302E7A000975025 /* Build configuration list for PBXProject "dash" */;
			compatibilityVersion = "Xcode 9.3";
			developmentRegion = en;
			hasScannedForEncodings = 0;
			knownRegions = (
				en,
			);
			mainGroup = 66369D902302E7A000975025;
			productRefGroup = 66369D9A2302E7A000975025 /* Products */;
			projectDirPath = "";
			projectRoot = "";
			targets = (
				66369D982302E7A000975025 /* dash */,
			);
		};
/* End PBXProject section */

/* Begin PBXSourcesBuildPhase section */
		66369D952302E7A000975025 /* Sources */ = {
			isa = PBXSourcesBuildPhase;
			buildActionMask = 2147483647;
			files = (
				6659848123044A47002D326C /* Font.cpp in Sources */,
				66369DBD2302F31000975025 /* Texture.cpp in Sources */,
				6659848623056DFF002D326C /* Vehicle.cpp in Sources */,
				66369DAF2302EACF00975025 /* ShaderProgram.cpp in Sources */,
				66369DA52302E7E200975025 /* Renderer.cpp in Sources */,
				66369DB22302EAFC00975025 /* Shader.cpp in Sources */,
				66754E4D2436303100B53C5A /* MediaPlayer.cpp in Sources */,
				6659848923057103002D326C /* Dashboard.cpp in Sources */,
				66369D9D2302E7A000975025 /* main.cpp in Sources */,
				660070322433C85E001080A1 /* dash.pb.cc in Sources */,
				660070362433C8AE001080A1 /* DashControl.cpp in Sources */,
				660070312433C85E001080A1 /* dash.grpc.pb.cc in Sources */,
			);
			runOnlyForDeploymentPostprocessing = 0;
		};
/* End PBXSourcesBuildPhase section */

/* Begin XCBuildConfiguration section */
		66369D9E2302E7A000975025 /* Debug */ = {
			isa = XCBuildConfiguration;
			buildSettings = {
				ALWAYS_SEARCH_USER_PATHS = NO;
				CLANG_ANALYZER_NONNULL = YES;
				CLANG_ANALYZER_NUMBER_OBJECT_CONVERSION = YES_AGGRESSIVE;
				CLANG_CXX_LANGUAGE_STANDARD = "c++17";
				CLANG_CXX_LIBRARY = "compiler-default";
				CLANG_ENABLE_MODULES = YES;
				CLANG_ENABLE_OBJC_ARC = YES;
				CLANG_ENABLE_OBJC_WEAK = YES;
				CLANG_WARN_BLOCK_CAPTURE_AUTORELEASING = YES;
				CLANG_WARN_BOOL_CONVERSION = YES;
				CLANG_WARN_COMMA = YES;
				CLANG_WARN_CONSTANT_CONVERSION = YES;
				CLANG_WARN_DEPRECATED_OBJC_IMPLEMENTATIONS = YES;
				CLANG_WARN_DIRECT_OBJC_ISA_USAGE = YES_ERROR;
				CLANG_WARN_DOCUMENTATION_COMMENTS = YES;
				CLANG_WARN_EMPTY_BODY = YES;
				CLANG_WARN_ENUM_CONVERSION = YES;
				CLANG_WARN_INFINITE_RECURSION = YES;
				CLANG_WARN_INT_CONVERSION = YES;
				CLANG_WARN_NON_LITERAL_NULL_CONVERSION = YES;
				CLANG_WARN_OBJC_IMPLICIT_RETAIN_SELF = YES;
				CLANG_WARN_OBJC_LITERAL_CONVERSION = YES;
				CLANG_WARN_OBJC_ROOT_CLASS = YES_ERROR;
				CLANG_WARN_RANGE_LOOP_ANALYSIS = YES;
				CLANG_WARN_STRICT_PROTOTYPES = YES;
				CLANG_WARN_SUSPICIOUS_MOVE = YES;
				CLANG_WARN_UNGUARDED_AVAILABILITY = YES_AGGRESSIVE;
				CLANG_WARN_UNREACHABLE_CODE = YES;
				CLANG_WARN__DUPLICATE_METHOD_MATCH = YES;
				CODE_SIGN_IDENTITY = "Mac Developer";
				COPY_PHASE_STRIP = NO;
				DEBUG_INFORMATION_FORMAT = dwarf;
				ENABLE_STRICT_OBJC_MSGSEND = YES;
				ENABLE_TESTABILITY = YES;
				GCC_C_LANGUAGE_STANDARD = gnu11;
				GCC_DYNAMIC_NO_PIC = NO;
				GCC_NO_COMMON_BLOCKS = YES;
				GCC_OPTIMIZATION_LEVEL = 0;
				GCC_PREPROCESSOR_DEFINITIONS = (
					"DEBUG=1",
					"$(inherited)",
				);
				GCC_WARN_64_TO_32_BIT_CONVERSION = YES;
				GCC_WARN_ABOUT_RETURN_TYPE = YES_ERROR;
				GCC_WARN_UNDECLARED_SELECTOR = YES;
				GCC_WARN_UNINITIALIZED_AUTOS = YES_AGGRESSIVE;
				GCC_WARN_UNUSED_FUNCTION = YES;
				GCC_WARN_UNUSED_VARIABLE = YES;
				MACOSX_DEPLOYMENT_TARGET = 10.14;
				MTL_ENABLE_DEBUG_INFO = INCLUDE_SOURCE;
				MTL_FAST_MATH = YES;
				ONLY_ACTIVE_ARCH = YES;
				SDKROOT = macosx;
			};
			name = Debug;
		};
		66369D9F2302E7A000975025 /* Release */ = {
			isa = XCBuildConfiguration;
			buildSettings = {
				ALWAYS_SEARCH_USER_PATHS = NO;
				CLANG_ANALYZER_NONNULL = YES;
				CLANG_ANALYZER_NUMBER_OBJECT_CONVERSION = YES_AGGRESSIVE;
				CLANG_CXX_LANGUAGE_STANDARD = "c++17";
				CLANG_CXX_LIBRARY = "compiler-default";
				CLANG_ENABLE_MODULES = YES;
				CLANG_ENABLE_OBJC_ARC = YES;
				CLANG_ENABLE_OBJC_WEAK = YES;
				CLANG_WARN_BLOCK_CAPTURE_AUTORELEASING = YES;
				CLANG_WARN_BOOL_CONVERSION = YES;
				CLANG_WARN_COMMA = YES;
				CLANG_WARN_CONSTANT_CONVERSION = YES;
				CLANG_WARN_DEPRECATED_OBJC_IMPLEMENTATIONS = YES;
				CLANG_WARN_DIRECT_OBJC_ISA_USAGE = YES_ERROR;
				CLANG_WARN_DOCUMENTATION_COMMENTS = YES;
				CLANG_WARN_EMPTY_BODY = YES;
				CLANG_WARN_ENUM_CONVERSION = YES;
				CLANG_WARN_INFINITE_RECURSION = YES;
				CLANG_WARN_INT_CONVERSION = YES;
				CLANG_WARN_NON_LITERAL_NULL_CONVERSION = YES;
				CLANG_WARN_OBJC_IMPLICIT_RETAIN_SELF = YES;
				CLANG_WARN_OBJC_LITERAL_CONVERSION = YES;
				CLANG_WARN_OBJC_ROOT_CLASS = YES_ERROR;
				CLANG_WARN_RANGE_LOOP_ANALYSIS = YES;
				CLANG_WARN_STRICT_PROTOTYPES = YES;
				CLANG_WARN_SUSPICIOUS_MOVE = YES;
				CLANG_WARN_UNGUARDED_AVAILABILITY = YES_AGGRESSIVE;
				CLANG_WARN_UNREACHABLE_CODE = YES;
				CLANG_WARN__DUPLICATE_METHOD_MATCH = YES;
				CODE_SIGN_IDENTITY = "Mac Developer";
				COPY_PHASE_STRIP = NO;
				DEBUG_INFORMATION_FORMAT = "dwarf-with-dsym";
				ENABLE_NS_ASSERTIONS = NO;
				ENABLE_STRICT_OBJC_MSGSEND = YES;
				GCC_C_LANGUAGE_STANDARD = gnu11;
				GCC_NO_COMMON_BLOCKS = YES;
				GCC_WARN_64_TO_32_BIT_CONVERSION = YES;
				GCC_WARN_ABOUT_RETURN_TYPE = YES_ERROR;
				GCC_WARN_UNDECLARED_SELECTOR = YES;
				GCC_WARN_UNINITIALIZED_AUTOS = YES_AGGRESSIVE;
				GCC_WARN_UNUSED_FUNCTION = YES;
				GCC_WARN_UNUSED_VARIABLE = YES;
				MACOSX_DEPLOYMENT_TARGET = 10.14;
				MTL_ENABLE_DEBUG_INFO = NO;
				MTL_FAST_MATH = YES;
				SDKROOT = macosx;
			};
			name = Release;
		};
		66369DA12302E7A000975025 /* Debug */ = {
			isa = XCBuildConfiguration;
			buildSettings = {
				CLANG_CXX_LANGUAGE_STANDARD = "c++0x";
				CLANG_CXX_LIBRARY = "compiler-default";
				CODE_SIGN_IDENTITY = "Mac Developer";
				CODE_SIGN_STYLE = Automatic;
				DEVELOPMENT_TEAM = D4K47L4SBH;
				HEADER_SEARCH_PATHS = (
					/usr/local/include,
					/usr/local/include/freetype2,
					"\"$(SRCROOT)/../../angle/include\"",
				);
				LIBRARY_SEARCH_PATHS = (
					"$(inherited)",
					/usr/local/Cellar/sdl2/2.0.9_1/lib,
					/usr/local/lib,
					"\"$(SRCROOT)/../../angle/out/Release\"",
				);
				OTHER_LDFLAGS = "";
				PRODUCT_NAME = "$(TARGET_NAME)";
				PROVISIONING_PROFILE_SPECIFIER = "";
			};
			name = Debug;
		};
		66369DA22302E7A000975025 /* Release */ = {
			isa = XCBuildConfiguration;
			buildSettings = {
				CLANG_CXX_LANGUAGE_STANDARD = "c++0x";
				CLANG_CXX_LIBRARY = "compiler-default";
				CODE_SIGN_IDENTITY = "Mac Developer";
				CODE_SIGN_STYLE = Automatic;
				DEVELOPMENT_TEAM = D4K47L4SBH;
				HEADER_SEARCH_PATHS = (
					/usr/local/include,
					/usr/local/include/freetype2,
					"\"$(SRCROOT)/../../angle/include\"",
				);
				LIBRARY_SEARCH_PATHS = (
					"$(inherited)",
					/usr/local/Cellar/sdl2/2.0.9_1/lib,
					/usr/local/lib,
					"\"$(SRCROOT)/../../angle/out/Release\"",
				);
				OTHER_LDFLAGS = "";
				PRODUCT_NAME = "$(TARGET_NAME)";
				PROVISIONING_PROFILE_SPECIFIER = "";
			};
			name = Release;
		};
/* End XCBuildConfiguration section */

/* Begin XCConfigurationList section */
		66369D942302E7A000975025 /* Build configuration list for PBXProject "dash" */ = {
			isa = XCConfigurationList;
			buildConfigurations = (
				66369D9E2302E7A000975025 /* Debug */,
				66369D9F2302E7A000975025 /* Release */,
			);
			defaultConfigurationIsVisible = 0;
			defaultConfigurationName = Release;
		};
		66369DA02302E7A000975025 /* Build configuration list for PBXNativeTarget "dash" */ = {
			isa = XCConfigurationList;
			buildConfigurations = (
				66369DA12302E7A000975025 /* Debug */,
				66369DA22302E7A000975025 /* Release */,
			);
			defaultConfigurationIsVisible = 0;
			defaultConfigurationName = Release;
		};
/* End XCConfigurationList section */
	};
	rootObject = 66369D912302E7A000975025 /* Project object */;
}
